
Microsoft Visual Studio Solution File, Format Version 12.00
# Visual Studio Version 16
VisualStudioVersion = 16.0.32630.194
MinimumVisualStudioVersion = 10.0.40219.1
Project("{FAE04EC0-301F-11D3-BF4B-00C04F79EFBC}") = "test_MVVM", "test_MVVM\test_MVVM.csproj", "{2F61EE6D-0891-4D00-A426-6C514763394C}"
EndProject
Project("{FAE04EC0-301F-11D3-BF4B-00C04F79EFBC}") = "test_TreeList", "test_TreeList\test_TreeList.csproj", "{B0E2ED33-6E7B-4041-9B39-35E5BDAB6F34}"
EndProject
Project("{FAE04EC0-301F-11D3-BF4B-00C04F79EFBC}") = "test_2Views", "test_2Views\test_2Views.csproj", "{FBB2730F-6964-4C24-BF75-FD496C8C474E}"
EndProject
Global
	GlobalSection(SolutionConfigurationPlatforms) = preSolution
		Debug|Any CPU = Debug|Any CPU
		Release|Any CPU = Release|Any CPU
	EndGlobalSection
	GlobalSection(ProjectConfigurationPlatforms) = postSolution
		{2F61EE6D-0891-4D00-A426-6C514763394C}.Debug|Any CPU.ActiveCfg = Debug|Any CPU
		{2F61EE6D-0891-4D00-A426-6C514763394C}.Debug|Any CPU.Build.0 = Debug|Any CPU
		{2F61EE6D-0891-4D00-A426-6C514763394C}.Release|Any CPU.ActiveCfg = Release|Any CPU
		{2F61EE6D-0891-4D00-A426-6C514763394C}.Release|Any CPU.Build.0 = Release|Any CPU
		{B0E2ED33-6E7B-4041-9B39-35E5BDAB6F34}.Debug|Any CPU.ActiveCfg = Debug|Any CPU
		{B0E2ED33-6E7B-4041-9B39-35E5BDAB6F34}.Debug|Any CPU.Build.0 = Debug|Any CPU
		{B0E2ED33-6E7B-4041-9B39-35E5BDAB6F34}.Release|Any CPU.ActiveCfg = Release|Any CPU
		{B0E2ED33-6E7B-4041-9B39-35E5BDAB6F34}.Release|Any CPU.Build.0 = Release|Any CPU
		{FBB2730F-6964-4C24-BF75-FD496C8C474E}.Debug|Any CPU.ActiveCfg = Debug|Any CPU
		{FBB2730F-6964-4C24-BF75-FD496C8C474E}.Debug|Any CPU.Build.0 = Debug|Any CPU
		{FBB2730F-6964-4C24-BF75-FD496C8C474E}.Release|Any CPU.ActiveCfg = Release|Any CPU
		{FBB2730F-6964-4C24-BF75-FD496C8C474E}.Release|Any CPU.Build.0 = Release|Any CPU
	EndGlobalSection
	GlobalSection(SolutionProperties) = preSolution
		HideSolutionNode = FALSE
	EndGlobalSection
	GlobalSection(ExtensibilityGlobals) = postSolution
		SolutionGuid = {A10F8E18-5624-459F-A260-EBED3223624E}
	EndGlobalSection
EndGlobal
